// !$*UTF8*$!
{
	archiveVersion = 1;
	classes = {
	};
	objectVersion = 50;
	objects = {

/* Begin PBXBuildFile section */
		5C73764F24CB30AA0091D467 /* AppDelegate.swift in Sources */ = {isa = PBXBuildFile; fileRef = 5C73764E24CB30AA0091D467 /* AppDelegate.swift */; };
		5C73765124CB30AA0091D467 /* SceneDelegate.swift in Sources */ = {isa = PBXBuildFile; fileRef = 5C73765024CB30AA0091D467 /* SceneDelegate.swift */; };
		5C73765624CB30AA0091D467 /* Main.storyboard in Resources */ = {isa = PBXBuildFile; fileRef = 5C73765424CB30AA0091D467 /* Main.storyboard */; };
		5C73765924CB30AA0091D467 /* ToDo_List.xcdatamodeld in Sources */ = {isa = PBXBuildFile; fileRef = 5C73765724CB30AA0091D467 /* ToDo_List.xcdatamodeld */; };
		5C73765B24CB30AC0091D467 /* Assets.xcassets in Resources */ = {isa = PBXBuildFile; fileRef = 5C73765A24CB30AC0091D467 /* Assets.xcassets */; };
		5C73765E24CB30AC0091D467 /* LaunchScreen.storyboard in Resources */ = {isa = PBXBuildFile; fileRef = 5C73765C24CB30AC0091D467 /* LaunchScreen.storyboard */; };
		5CA21ABD24CC5748001C9E24 /* CreateToDoViewController.swift in Sources */ = {isa = PBXBuildFile; fileRef = 5CA21ABC24CC5748001C9E24 /* CreateToDoViewController.swift */; };
		5CA21ABF24CC75F7001C9E24 /* CompleteViewController.swift in Sources */ = {isa = PBXBuildFile; fileRef = 5CA21ABE24CC75F7001C9E24 /* CompleteViewController.swift */; };
		5CCD35B024CB5C1A00D307D4 /* ToDoTableViewController.swift in Sources */ = {isa = PBXBuildFile; fileRef = 5CCD35AF24CB5C1A00D307D4 /* ToDoTableViewController.swift */; };
/* End PBXBuildFile section */

/* Begin PBXFileReference section */
		5C73764B24CB30AA0091D467 /* ToDo.app */ = {isa = PBXFileReference; explicitFileType = wrapper.application; includeInIndex = 0; path = ToDo.app; sourceTree = BUILT_PRODUCTS_DIR; };
		5C73764E24CB30AA0091D467 /* AppDelegate.swift */ = {isa = PBXFileReference; lastKnownFileType = sourcecode.swift; path = AppDelegate.swift; sourceTree = "<group>"; };
		5C73765024CB30AA0091D467 /* SceneDelegate.swift */ = {isa = PBXFileReference; lastKnownFileType = sourcecode.swift; path = SceneDelegate.swift; sourceTree = "<group>"; };
		5C73765524CB30AA0091D467 /* Base */ = {isa = PBXFileReference; lastKnownFileType = file.storyboard; name = Base; path = Base.lproj/Main.storyboard; sourceTree = "<group>"; };
		5C73765824CB30AA0091D467 /* ToDo_List.xcdatamodel */ = {isa = PBXFileReference; lastKnownFileType = wrapper.xcdatamodel; path = ToDo_List.xcdatamodel; sourceTree = "<group>"; };
		5C73765A24CB30AC0091D467 /* Assets.xcassets */ = {isa = PBXFileReference; lastKnownFileType = folder.assetcatalog; path = Assets.xcassets; sourceTree = "<group>"; };
		5C73765D24CB30AC0091D467 /* Base */ = {isa = PBXFileReference; lastKnownFileType = file.storyboard; name = Base; path = Base.lproj/LaunchScreen.storyboard; sourceTree = "<group>"; };
		5C73765F24CB30AC0091D467 /* Info.plist */ = {isa = PBXFileReference; lastKnownFileType = text.plist.xml; path = Info.plist; sourceTree = "<group>"; };
		5CA21ABC24CC5748001C9E24 /* CreateToDoViewController.swift */ = {isa = PBXFileReference; lastKnownFileType = sourcecode.swift; path = CreateToDoViewController.swift; sourceTree = "<group>"; };
		5CA21ABE24CC75F7001C9E24 /* CompleteViewController.swift */ = {isa = PBXFileReference; lastKnownFileType = sourcecode.swift; path = CompleteViewController.swift; sourceTree = "<group>"; };
		5CCD35AF24CB5C1A00D307D4 /* ToDoTableViewController.swift */ = {isa = PBXFileReference; fileEncoding = 4; lastKnownFileType = sourcecode.swift; path = ToDoTableViewController.swift; sourceTree = "<group>"; };
/* End PBXFileReference section */

/* Begin PBXFrameworksBuildPhase section */
		5C73764824CB30AA0091D467 /* Frameworks */ = {
			isa = PBXFrameworksBuildPhase;
			buildActionMask = 2147483647;
			files = (
			);
			runOnlyForDeploymentPostprocessing = 0;
		};
/* End PBXFrameworksBuildPhase section */

/* Begin PBXGroup section */
		5C47745924CB3A8700746812 /* Views */ = {
			isa = PBXGroup;
			children = (
				5C73765424CB30AA0091D467 /* Main.storyboard */,
			);
			path = Views;
			sourceTree = "<group>";
		};
		5C47745C24CB3C2A00746812 /* Controllers */ = {
			isa = PBXGroup;
			children = (
				5CCD35AF24CB5C1A00D307D4 /* ToDoTableViewController.swift */,
				5CA21ABC24CC5748001C9E24 /* CreateToDoViewController.swift */,
				5CA21ABE24CC75F7001C9E24 /* CompleteViewController.swift */,
			);
			path = Controllers;
			sourceTree = "<group>";
		};
		5C73764224CB30AA0091D467 = {
			isa = PBXGroup;
			children = (
				5C73764D24CB30AA0091D467 /* ToDo List */,
				5C73764C24CB30AA0091D467 /* Products */,
			);
			sourceTree = "<group>";
		};
		5C73764C24CB30AA0091D467 /* Products */ = {
			isa = PBXGroup;
			children = (
				5C73764B24CB30AA0091D467 /* ToDo.app */,
			);
			name = Products;
			sourceTree = "<group>";
		};
		5C73764D24CB30AA0091D467 /* ToDo List */ = {
			isa = PBXGroup;
			children = (
				5C73764E24CB30AA0091D467 /* AppDelegate.swift */,
				5C73765024CB30AA0091D467 /* SceneDelegate.swift */,
				5C47745924CB3A8700746812 /* Views */,
				5C47745C24CB3C2A00746812 /* Controllers */,
				5C73765A24CB30AC0091D467 /* Assets.xcassets */,
				5C73765C24CB30AC0091D467 /* LaunchScreen.storyboard */,
				5C73765F24CB30AC0091D467 /* Info.plist */,
				5C73765724CB30AA0091D467 /* ToDo_List.xcdatamodeld */,
			);
			path = "ToDo List";
			sourceTree = "<group>";
		};
/* End PBXGroup section */

/* Begin PBXNativeTarget section */
		5C73764A24CB30AA0091D467 /* ToDo List */ = {
			isa = PBXNativeTarget;
			buildConfigurationList = 5C73766224CB30AC0091D467 /* Build configuration list for PBXNativeTarget "ToDo List" */;
			buildPhases = (
				5C73764724CB30AA0091D467 /* Sources */,
				5C73764824CB30AA0091D467 /* Frameworks */,
				5C73764924CB30AA0091D467 /* Resources */,
			);
			buildRules = (
			);
			dependencies = (
			);
			name = "ToDo List";
			productName = "ToDo List";
			productReference = 5C73764B24CB30AA0091D467 /* ToDo.app */;
			productType = "com.apple.product-type.application";
		};
/* End PBXNativeTarget section */

/* Begin PBXProject section */
		5C73764324CB30AA0091D467 /* Project object */ = {
			isa = PBXProject;
			attributes = {
				LastSwiftUpdateCheck = 1160;
				LastUpgradeCheck = 1160;
				ORGANIZATIONNAME = "M. Raşit Öner";
				TargetAttributes = {
					5C73764A24CB30AA0091D467 = {
						CreatedOnToolsVersion = 11.6;
					};
				};
			};
			buildConfigurationList = 5C73764624CB30AA0091D467 /* Build configuration list for PBXProject "ToDo List" */;
			compatibilityVersion = "Xcode 9.3";
			developmentRegion = en;
			hasScannedForEncodings = 0;
			knownRegions = (
				en,
				Base,
			);
			mainGroup = 5C73764224CB30AA0091D467;
			productRefGroup = 5C73764C24CB30AA0091D467 /* Products */;
			projectDirPath = "";
			projectRoot = "";
			targets = (
				5C73764A24CB30AA0091D467 /* ToDo List */,
			);
		};
/* End PBXProject section */

/* Begin PBXResourcesBuildPhase section */
		5C73764924CB30AA0091D467 /* Resources */ = {
			isa = PBXResourcesBuildPhase;
			buildActionMask = 2147483647;
			files = (
				5C73765E24CB30AC0091D467 /* LaunchScreen.storyboard in Resources */,
				5C73765B24CB30AC0091D467 /* Assets.xcassets in Resources */,
				5C73765624CB30AA0091D467 /* Main.storyboard in Resources */,
			);
			runOnlyForDeploymentPostprocessing = 0;
		};
/* End PBXResourcesBuildPhase section */

/* Begin PBXSourcesBuildPhase section */
		5C73764724CB30AA0091D467 /* Sources */ = {
			isa = PBXSourcesBuildPhase;
			buildActionMask = 2147483647;
			files = (
				5C73764F24CB30AA0091D467 /* AppDelegate.swift in Sources */,
				5CA21ABD24CC5748001C9E24 /* CreateToDoViewController.swift in Sources */,
				5CCD35B024CB5C1A00D307D4 /* ToDoTableViewController.swift in Sources */,
				5C73765124CB30AA0091D467 /* SceneDelegate.swift in Sources */,
				5CA21ABF24CC75F7001C9E24 /* CompleteViewController.swift in Sources */,
				5C73765924CB30AA0091D467 /* ToDo_List.xcdatamodeld in Sources */,
			);
			runOnlyForDeploymentPostprocessing = 0;
		};
/* End PBXSourcesBuildPhase section */

/* Begin PBXVariantGroup section */
		5C73765424CB30AA0091D467 /* Main.storyboard */ = {
			isa = PBXVariantGroup;
			children = (
				5C73765524CB30AA0091D467 /* Base */,
			);
			name = Main.storyboard;
			sourceTree = "<group>";
		};
		5C73765C24CB30AC0091D467 /* LaunchScreen.storyboard */ = {
			isa = PBXVariantGroup;
			children = (
				5C73765D24CB30AC0091D467 /* Base */,
			);
			name = LaunchScreen.storyboard;
			sourceTree = "<group>";
		};
/* End PBXVariantGroup section */

/* Begin XCBuildConfiguration section */
		5C73766024CB30AC0091D467 /* Debug */ = {
			isa = XCBuildConfiguration;
			buildSettings = {
				ALWAYS_SEARCH_USER_PATHS = NO;
				CLANG_ANALYZER_NONNULL = YES;
				CLANG_ANALYZER_NUMBER_OBJECT_CONVERSION = YES_AGGRESSIVE;
				CLANG_CXX_LANGUAGE_STANDARD = "gnu++14";
				CLANG_CXX_LIBRARY = "libc++";
				CLANG_ENABLE_MODULES = YES;
				CLANG_ENABLE_OBJC_ARC = YES;
				CLANG_ENABLE_OBJC_WEAK = YES;
				CLANG_WARN_BLOCK_CAPTURE_AUTORELEASING = YES;
				CLANG_WARN_BOOL_CONVERSION = YES;
				CLANG_WARN_COMMA = YES;
				CLANG_WARN_CONSTANT_CONVERSION = YES;
				CLANG_WARN_DEPRECATED_OBJC_IMPLEMENTATIONS = YES;
				CLANG_WARN_DIRECT_OBJC_ISA_USAGE = YES_ERROR;
				CLANG_WARN_DOCUMENTATION_COMMENTS = YES;
				CLANG_WARN_EMPTY_BODY = YES;
				CLANG_WARN_ENUM_CONVERSION = YES;
				CLANG_WARN_INFINITE_RECURSION = YES;
				CLANG_WARN_INT_CONVERSION = YES;
				CLANG_WARN_NON_LITERAL_NULL_CONVERSION = YES;
				CLANG_WARN_OBJC_IMPLICIT_RETAIN_SELF = YES;
				CLANG_WARN_OBJC_LITERAL_CONVERSION = YES;
				CLANG_WARN_OBJC_ROOT_CLASS = YES_ERROR;
				CLANG_WARN_RANGE_LOOP_ANALYSIS = YES;
				CLANG_WARN_STRICT_PROTOTYPES = YES;
				CLANG_WARN_SUSPICIOUS_MOVE = YES;
				CLANG_WARN_UNGUARDED_AVAILABILITY = YES_AGGRESSIVE;
				CLANG_WARN_UNREACHABLE_CODE = YES;
				CLANG_WARN__DUPLICATE_METHOD_MATCH = YES;
				COPY_PHASE_STRIP = NO;
				DEBUG_INFORMATION_FORMAT = dwarf;
				ENABLE_STRICT_OBJC_MSGSEND = YES;
				ENABLE_TESTABILITY = YES;
				GCC_C_LANGUAGE_STANDARD = gnu11;
				GCC_DYNAMIC_NO_PIC = NO;
				GCC_NO_COMMON_BLOCKS = YES;
				GCC_OPTIMIZATION_LEVEL = 0;
				GCC_PREPROCESSOR_DEFINITIONS = (
					"DEBUG=1",
					"$(inherited)",
				);
				GCC_WARN_64_TO_32_BIT_CONVERSION = YES;
				GCC_WARN_ABOUT_RETURN_TYPE = YES_ERROR;
				GCC_WARN_UNDECLARED_SELECTOR = YES;
				GCC_WARN_UNINITIALIZED_AUTOS = YES_AGGRESSIVE;
				GCC_WARN_UNUSED_FUNCTION = YES;
				GCC_WARN_UNUSED_VARIABLE = YES;
				IPHONEOS_DEPLOYMENT_TARGET = 13.6;
				MTL_ENABLE_DEBUG_INFO = INCLUDE_SOURCE;
				MTL_FAST_MATH = YES;
				ONLY_ACTIVE_ARCH = YES;
				SDKROOT = iphoneos;
				SWIFT_ACTIVE_COMPILATION_CONDITIONS = DEBUG;
				SWIFT_OPTIMIZATION_LEVEL = "-Onone";
			};
			name = Debug;
		};
		5C73766124CB30AC0091D467 /* Release */ = {
			isa = XCBuildConfiguration;
			buildSettings = {
				ALWAYS_SEARCH_USER_PATHS = NO;
				CLANG_ANALYZER_NONNULL = YES;
				CLANG_ANALYZER_NUMBER_OBJECT_CONVERSION = YES_AGGRESSIVE;
				CLANG_CXX_LANGUAGE_STANDARD = "gnu++14";
				CLANG_CXX_LIBRARY = "libc++";
				CLANG_ENABLE_MODULES = YES;
				CLANG_ENABLE_OBJC_ARC = YES;
				CLANG_ENABLE_OBJC_WEAK = YES;
				CLANG_WARN_BLOCK_CAPTURE_AUTORELEASING = YES;
				CLANG_WARN_BOOL_CONVERSION = YES;
				CLANG_WARN_COMMA = YES;
				CLANG_WARN_CONSTANT_CONVERSION = YES;
				CLANG_WARN_DEPRECATED_OBJC_IMPLEMENTATIONS = YES;
				CLANG_WARN_DIRECT_OBJC_ISA_USAGE = YES_ERROR;
				CLANG_WARN_DOCUMENTATION_COMMENTS = YES;
				CLANG_WARN_EMPTY_BODY = YES;
				CLANG_WARN_ENUM_CONVERSION = YES;
				CLANG_WARN_INFINITE_RECURSION = YES;
				CLANG_WARN_INT_CONVERSION = YES;
				CLANG_WARN_NON_LITERAL_NULL_CONVERSION = YES;
				CLANG_WARN_OBJC_IMPLICIT_RETAIN_SELF = YES;
				CLANG_WARN_OBJC_LITERAL_CONVERSION = YES;
				CLANG_WARN_OBJC_ROOT_CLASS = YES_ERROR;
				CLANG_WARN_RANGE_LOOP_ANALYSIS = YES;
				CLANG_WARN_STRICT_PROTOTYPES = YES;
				CLANG_WARN_SUSPICIOUS_MOVE = YES;
				CLANG_WARN_UNGUARDED_AVAILABILITY = YES_AGGRESSIVE;
				CLANG_WARN_UNREACHABLE_CODE = YES;
				CLANG_WARN__DUPLICATE_METHOD_MATCH = YES;
				COPY_PHASE_STRIP = NO;
				DEBUG_INFORMATION_FORMAT = "dwarf-with-dsym";
				ENABLE_NS_ASSERTIONS = NO;
				ENABLE_STRICT_OBJC_MSGSEND = YES;
				GCC_C_LANGUAGE_STANDARD = gnu11;
				GCC_NO_COMMON_BLOCKS = YES;
				GCC_WARN_64_TO_32_BIT_CONVERSION = YES;
				GCC_WARN_ABOUT_RETURN_TYPE = YES_ERROR;
				GCC_WARN_UNDECLARED_SELECTOR = YES;
				GCC_WARN_UNINITIALIZED_AUTOS = YES_AGGRESSIVE;
				GCC_WARN_UNUSED_FUNCTION = YES;
				GCC_WARN_UNUSED_VARIABLE = YES;
				IPHONEOS_DEPLOYMENT_TARGET = 13.6;
				MTL_ENABLE_DEBUG_INFO = NO;
				MTL_FAST_MATH = YES;
				SDKROOT = iphoneos;
				SWIFT_COMPILATION_MODE = wholemodule;
				SWIFT_OPTIMIZATION_LEVEL = "-O";
				VALIDATE_PRODUCT = YES;
			};
			name = Release;
		};
		5C73766324CB30AC0091D467 /* Debug */ = {
			isa = XCBuildConfiguration;
			buildSettings = {
				ASSETCATALOG_COMPILER_APPICON_NAME = AppIcon;
				CODE_SIGN_STYLE = Automatic;
				INFOPLIST_FILE = "ToDo List/Info.plist";
				LD_RUNPATH_SEARCH_PATHS = (
					"$(inherited)",
					"@executable_path/Frameworks",
				);
				PRODUCT_BUNDLE_IDENTIFIER = "com.rashid.ToDo-List";
				PRODUCT_NAME = ToDo;
				SWIFT_VERSION = 5.0;
				TARGETED_DEVICE_FAMILY = "1,2";
			};
			name = Debug;
		};
		5C73766424CB30AC0091D467 /* Release */ = {
			isa = XCBuildConfiguration;
			buildSettings = {
				ASSETCATALOG_COMPILER_APPICON_NAME = AppIcon;
				CODE_SIGN_STYLE = Automatic;
				INFOPLIST_FILE = "ToDo List/Info.plist";
				LD_RUNPATH_SEARCH_PATHS = (
					"$(inherited)",
					"@executable_path/Frameworks",
				);
				PRODUCT_BUNDLE_IDENTIFIER = "com.rashid.ToDo-List";
				PRODUCT_NAME = ToDo;
				SWIFT_VERSION = 5.0;
				TARGETED_DEVICE_FAMILY = "1,2";
			};
			name = Release;
		};
/* End XCBuildConfiguration section */

/* Begin XCConfigurationList section */
		5C73764624CB30AA0091D467 /* Build configuration list for PBXProject "ToDo List" */ = {
			isa = XCConfigurationList;
			buildConfigurations = (
				5C73766024CB30AC0091D467 /* Debug */,
				5C73766124CB30AC0091D467 /* Release */,
			);
			defaultConfigurationIsVisible = 0;
			defaultConfigurationName = Release;
		};
		5C73766224CB30AC0091D467 /* Build configuration list for PBXNativeTarget "ToDo List" */ = {
			isa = XCConfigurationList;
			buildConfigurations = (
				5C73766324CB30AC0091D467 /* Debug */,
				5C73766424CB30AC0091D467 /* Release */,
			);
			defaultConfigurationIsVisible = 0;
			defaultConfigurationName = Release;
		};
/* End XCConfigurationList section */

/* Begin XCVersionGroup section */
		5C73765724CB30AA0091D467 /* ToDo_List.xcdatamodeld */ = {
			isa = XCVersionGroup;
			children = (
				5C73765824CB30AA0091D467 /* ToDo_List.xcdatamodel */,
			);
			currentVersion = 5C73765824CB30AA0091D467 /* ToDo_List.xcdatamodel */;
			path = ToDo_List.xcdatamodeld;
			sourceTree = "<group>";
			versionGroupType = wrapper.xcdatamodel;
		};
/* End XCVersionGroup section */
	};
	rootObject = 5C73764324CB30AA0091D467 /* Project object */;
}
